
Microsoft Visual Studio Solution File, Format Version 12.00
# Visual Studio Version 17
VisualStudioVersion = 17.4.33110.190
MinimumVisualStudioVersion = 10.0.40219.1
Project("{FAE04EC0-301F-11D3-BF4B-00C04F79EFBC}") = "StopAThread", "StopAThread.csproj", "{EA791740-6569-43BE-BBC4-E6D84C1C3474}"
EndProject
Global
	GlobalSection(SolutionConfigurationPlatforms) = preSolution
		Debug|Any CPU = Debug|Any CPU
		Release|Any CPU = Release|Any CPU
	EndGlobalSection
	GlobalSection(ProjectConfigurationPlatforms) = postSolution
		{EA791740-6569-43BE-BBC4-E6D84C1C3474}.Debug|Any CPU.ActiveCfg = Debug|Any CPU
		{EA791740-6569-43BE-BBC4-E6D84C1C3474}.Debug|Any CPU.Build.0 = Debug|Any CPU
		{EA791740-6569-43BE-BBC4-E6D84C1C3474}.Release|Any CPU.ActiveCfg = Release|Any CPU
		{EA791740-6569-43BE-BBC4-E6D84C1C3474}.Release|Any CPU.Build.0 = Release|Any CPU
	EndGlobalSection
	GlobalSection(SolutionProperties) = preSolution
		HideSolutionNode = FALSE
	EndGlobalSection
	GlobalSection(ExtensibilityGlobals) = postSolution
		SolutionGuid = {73DD3FE4-5E54-4700-A7CD-9ED9D539DE92}
	EndGlobalSection
EndGlobal
